
Microsoft Visual Studio Solution File, Format Version 12.00
# Visual Studio Version 16
VisualStudioVersion = 16.0.30309.148
MinimumVisualStudioVersion = 10.0.40219.1
Project("{FAE04EC0-301F-11D3-BF4B-00C04F79EFBC}") = "Day1_IO", "Day1_IO\Day1_IO.csproj", "{467C83BB-C766-4584-806A-F2E8B2C4E42C}"
EndProject
Global
	GlobalSection(SolutionConfigurationPlatforms) = preSolution
		Debug|Any CPU = Debug|Any CPU
		Release|Any CPU = Release|Any CPU
	EndGlobalSection
	GlobalSection(ProjectConfigurationPlatforms) = postSolution
		{467C83BB-C766-4584-806A-F2E8B2C4E42C}.Debug|Any CPU.ActiveCfg = Debug|Any CPU
		{467C83BB-C766-4584-806A-F2E8B2C4E42C}.Debug|Any CPU.Build.0 = Debug|Any CPU
		{467C83BB-C766-4584-806A-F2E8B2C4E42C}.Release|Any CPU.ActiveCfg = Release|Any CPU
		{467C83BB-C766-4584-806A-F2E8B2C4E42C}.Release|Any CPU.Build.0 = Release|Any CPU
	EndGlobalSection
	GlobalSection(SolutionProperties) = preSolution
		HideSolutionNode = FALSE
	EndGlobalSection
	GlobalSection(ExtensibilityGlobals) = postSolution
		SolutionGuid = {B83C8C74-DFB2-42F8-8505-4845765F57B3}
	EndGlobalSection
EndGlobal
