
Microsoft Visual Studio Solution File, Format Version 12.00
# Visual Studio Version 16
VisualStudioVersion = 16.0.30406.217
MinimumVisualStudioVersion = 10.0.40219.1
Project("{FAE04EC0-301F-11D3-BF4B-00C04F79EFBC}") = "Day12_GUI", "Day12_GUI\Day12_GUI.csproj", "{80130927-186A-45BC-AC4F-585AE743B0E4}"
EndProject
Global
	GlobalSection(SolutionConfigurationPlatforms) = preSolution
		Debug|Any CPU = Debug|Any CPU
		Release|Any CPU = Release|Any CPU
	EndGlobalSection
	GlobalSection(ProjectConfigurationPlatforms) = postSolution
		{80130927-186A-45BC-AC4F-585AE743B0E4}.Debug|Any CPU.ActiveCfg = Debug|Any CPU
		{80130927-186A-45BC-AC4F-585AE743B0E4}.Debug|Any CPU.Build.0 = Debug|Any CPU
		{80130927-186A-45BC-AC4F-585AE743B0E4}.Release|Any CPU.ActiveCfg = Release|Any CPU
		{80130927-186A-45BC-AC4F-585AE743B0E4}.Release|Any CPU.Build.0 = Release|Any CPU
	EndGlobalSection
	GlobalSection(SolutionProperties) = preSolution
		HideSolutionNode = FALSE
	EndGlobalSection
	GlobalSection(ExtensibilityGlobals) = postSolution
		SolutionGuid = {CD28B5A0-D1A3-43F6-A119-2E823B70ACA3}
	EndGlobalSection
EndGlobal
