
Microsoft Visual Studio Solution File, Format Version 12.00
# Visual Studio Version 16
VisualStudioVersion = 16.0.30320.27
MinimumVisualStudioVersion = 10.0.40219.1
Project("{FAE04EC0-301F-11D3-BF4B-00C04F79EFBC}") = "Day6_MD", "Day6_MD\Day6_MD.csproj", "{AA59E343-244D-4106-8DF6-117B03978CEF}"
EndProject
Global
	GlobalSection(SolutionConfigurationPlatforms) = preSolution
		Debug|Any CPU = Debug|Any CPU
		Release|Any CPU = Release|Any CPU
	EndGlobalSection
	GlobalSection(ProjectConfigurationPlatforms) = postSolution
		{AA59E343-244D-4106-8DF6-117B03978CEF}.Debug|Any CPU.ActiveCfg = Debug|Any CPU
		{AA59E343-244D-4106-8DF6-117B03978CEF}.Debug|Any CPU.Build.0 = Debug|Any CPU
		{AA59E343-244D-4106-8DF6-117B03978CEF}.Release|Any CPU.ActiveCfg = Release|Any CPU
		{AA59E343-244D-4106-8DF6-117B03978CEF}.Release|Any CPU.Build.0 = Release|Any CPU
	EndGlobalSection
	GlobalSection(SolutionProperties) = preSolution
		HideSolutionNode = FALSE
	EndGlobalSection
	GlobalSection(ExtensibilityGlobals) = postSolution
		SolutionGuid = {8A39B038-1D37-4A03-A26C-13BA93CE7D48}
	EndGlobalSection
EndGlobal
