
Microsoft Visual Studio Solution File, Format Version 12.00
# Visual Studio Version 16
VisualStudioVersion = 16.0.30320.27
MinimumVisualStudioVersion = 10.0.40219.1
Project("{FAE04EC0-301F-11D3-BF4B-00C04F79EFBC}") = "Day8_Clases", "Day8_Clases\Day8_Clases.csproj", "{DD7DC137-21F9-4FFD-BF23-1C7BB85EEFDC}"
EndProject
Global
	GlobalSection(SolutionConfigurationPlatforms) = preSolution
		Debug|Any CPU = Debug|Any CPU
		Release|Any CPU = Release|Any CPU
	EndGlobalSection
	GlobalSection(ProjectConfigurationPlatforms) = postSolution
		{DD7DC137-21F9-4FFD-BF23-1C7BB85EEFDC}.Debug|Any CPU.ActiveCfg = Debug|Any CPU
		{DD7DC137-21F9-4FFD-BF23-1C7BB85EEFDC}.Debug|Any CPU.Build.0 = Debug|Any CPU
		{DD7DC137-21F9-4FFD-BF23-1C7BB85EEFDC}.Release|Any CPU.ActiveCfg = Release|Any CPU
		{DD7DC137-21F9-4FFD-BF23-1C7BB85EEFDC}.Release|Any CPU.Build.0 = Release|Any CPU
	EndGlobalSection
	GlobalSection(SolutionProperties) = preSolution
		HideSolutionNode = FALSE
	EndGlobalSection
	GlobalSection(ExtensibilityGlobals) = postSolution
		SolutionGuid = {199CABFC-914D-4586-9523-DE3C780E9D73}
	EndGlobalSection
EndGlobal
