
Microsoft Visual Studio Solution File, Format Version 12.00
# Visual Studio Version 16
VisualStudioVersion = 16.0.30413.136
MinimumVisualStudioVersion = 10.0.40219.1
Project("{FAE04EC0-301F-11D3-BF4B-00C04F79EFBC}") = "NumberGuesser", "NumberGuesser\NumberGuesser.csproj", "{11183F1F-86E7-41F3-84D7-ACF64683AE2E}"
EndProject
Global
	GlobalSection(SolutionConfigurationPlatforms) = preSolution
		Debug|Any CPU = Debug|Any CPU
		Release|Any CPU = Release|Any CPU
	EndGlobalSection
	GlobalSection(ProjectConfigurationPlatforms) = postSolution
		{11183F1F-86E7-41F3-84D7-ACF64683AE2E}.Debug|Any CPU.ActiveCfg = Debug|Any CPU
		{11183F1F-86E7-41F3-84D7-ACF64683AE2E}.Debug|Any CPU.Build.0 = Debug|Any CPU
		{11183F1F-86E7-41F3-84D7-ACF64683AE2E}.Release|Any CPU.ActiveCfg = Release|Any CPU
		{11183F1F-86E7-41F3-84D7-ACF64683AE2E}.Release|Any CPU.Build.0 = Release|Any CPU
	EndGlobalSection
	GlobalSection(SolutionProperties) = preSolution
		HideSolutionNode = FALSE
	EndGlobalSection
	GlobalSection(ExtensibilityGlobals) = postSolution
		SolutionGuid = {F0BFB22F-E4E4-4AE9-BD2B-08F827BD1889}
	EndGlobalSection
EndGlobal
