
Microsoft Visual Studio Solution File, Format Version 12.00
# Visual Studio Version 16
VisualStudioVersion = 16.0.30406.217
MinimumVisualStudioVersion = 10.0.40219.1
Project("{FAE04EC0-301F-11D3-BF4B-00C04F79EFBC}") = "ManaPIrmaForma1", "ManaPIrmaForma1\ManaPIrmaForma1.csproj", "{74076647-0B0E-4B38-B717-47FC1B562D5D}"
EndProject
Global
	GlobalSection(SolutionConfigurationPlatforms) = preSolution
		Debug|Any CPU = Debug|Any CPU
		Release|Any CPU = Release|Any CPU
	EndGlobalSection
	GlobalSection(ProjectConfigurationPlatforms) = postSolution
		{74076647-0B0E-4B38-B717-47FC1B562D5D}.Debug|Any CPU.ActiveCfg = Debug|Any CPU
		{74076647-0B0E-4B38-B717-47FC1B562D5D}.Debug|Any CPU.Build.0 = Debug|Any CPU
		{74076647-0B0E-4B38-B717-47FC1B562D5D}.Release|Any CPU.ActiveCfg = Release|Any CPU
		{74076647-0B0E-4B38-B717-47FC1B562D5D}.Release|Any CPU.Build.0 = Release|Any CPU
	EndGlobalSection
	GlobalSection(SolutionProperties) = preSolution
		HideSolutionNode = FALSE
	EndGlobalSection
	GlobalSection(ExtensibilityGlobals) = postSolution
		SolutionGuid = {74EE4C79-3146-45C2-ACB8-F24E5E1F5027}
	EndGlobalSection
EndGlobal
